# This file is automatically @generated by Cargo.
# It is not intended for manual editing.
version = 4

[[package]]
name = "riscvrust-arch"
version = "0.1.0"

[[package]]
name = "riscvrust-kernel"
version = "0.1.0"
dependencies = [
 "riscvrust-arch",
 "riscvrust-sbi",
]

[[package]]
name = "riscvrust-sbi"
version = "0.1.0"
dependencies = [
 "riscvrust-arch",
]
